
Microsoft Visual Studio Solution File, Format Version 12.00
# Visual Studio Version 17
VisualStudioVersion = 17.4.33213.308
MinimumVisualStudioVersion = 10.0.40219.1
Project("{FAE04EC0-301F-11D3-BF4B-00C04F79EFBC}") = "MonteCarlo", "MonteCarlo.csproj", "{F8B590B3-E553-4558-8CAB-E552F823562E}"
EndProject
Global
	GlobalSection(SolutionConfigurationPlatforms) = preSolution
		Debug|Any CPU = Debug|Any CPU
		Release|Any CPU = Release|Any CPU
	EndGlobalSection
	GlobalSection(ProjectConfigurationPlatforms) = postSolution
		{F8B590B3-E553-4558-8CAB-E552F823562E}.Debug|Any CPU.ActiveCfg = Debug|Any CPU
		{F8B590B3-E553-4558-8CAB-E552F823562E}.Debug|Any CPU.Build.0 = Debug|Any CPU
		{F8B590B3-E553-4558-8CAB-E552F823562E}.Release|Any CPU.ActiveCfg = Release|Any CPU
		{F8B590B3-E553-4558-8CAB-E552F823562E}.Release|Any CPU.Build.0 = Release|Any CPU
	EndGlobalSection
	GlobalSection(SolutionProperties) = preSolution
		HideSolutionNode = FALSE
	EndGlobalSection
	GlobalSection(ExtensibilityGlobals) = postSolution
		SolutionGuid = {2E272C3C-7341-4EBC-B151-D41334063C68}
	EndGlobalSection
EndGlobal
